
Microsoft Visual Studio Solution File, Format Version 12.00
# Visual Studio 2013
VisualStudioVersion = 12.0.31101.0
MinimumVisualStudioVersion = 10.0.40219.1
Project("{F184B08F-C81C-45F6-A57F-5ABD9991F28F}") = "Bwl.Hardware.Serial.Test", "bwl.Hardware.Serial.Test\Bwl.Hardware.Serial.Test.vbproj", "{AB9A5334-1235-4A69-8FED-5ED534F8948E}"
EndProject
Project("{F184B08F-C81C-45F6-A57F-5ABD9991F28F}") = "Bwl.Hardware.Serial", "Bwl.Hardware.Serial\Bwl.Hardware.Serial.vbproj", "{67F961E9-AAD0-4FBB-AD02-F854BEABF993}"
EndProject
Global
	GlobalSection(SolutionConfigurationPlatforms) = preSolution
		Debug|Any CPU = Debug|Any CPU
		Debug|Mixed Platforms = Debug|Mixed Platforms
		Debug|x86 = Debug|x86
		Release|Any CPU = Release|Any CPU
		Release|Mixed Platforms = Release|Mixed Platforms
		Release|x86 = Release|x86
	EndGlobalSection
	GlobalSection(ProjectConfigurationPlatforms) = postSolution
		{AB9A5334-1235-4A69-8FED-5ED534F8948E}.Debug|Any CPU.ActiveCfg = Debug|x86
		{AB9A5334-1235-4A69-8FED-5ED534F8948E}.Debug|Mixed Platforms.ActiveCfg = Debug|x86
		{AB9A5334-1235-4A69-8FED-5ED534F8948E}.Debug|Mixed Platforms.Build.0 = Debug|x86
		{AB9A5334-1235-4A69-8FED-5ED534F8948E}.Debug|x86.ActiveCfg = Debug|x86
		{AB9A5334-1235-4A69-8FED-5ED534F8948E}.Debug|x86.Build.0 = Debug|x86
		{AB9A5334-1235-4A69-8FED-5ED534F8948E}.Release|Any CPU.ActiveCfg = Release|x86
		{AB9A5334-1235-4A69-8FED-5ED534F8948E}.Release|Mixed Platforms.ActiveCfg = Release|x86
		{AB9A5334-1235-4A69-8FED-5ED534F8948E}.Release|Mixed Platforms.Build.0 = Release|x86
		{AB9A5334-1235-4A69-8FED-5ED534F8948E}.Release|x86.ActiveCfg = Release|x86
		{AB9A5334-1235-4A69-8FED-5ED534F8948E}.Release|x86.Build.0 = Release|x86
		{67F961E9-AAD0-4FBB-AD02-F854BEABF993}.Debug|Any CPU.ActiveCfg = Debug|Any CPU
		{67F961E9-AAD0-4FBB-AD02-F854BEABF993}.Debug|Any CPU.Build.0 = Debug|Any CPU
		{67F961E9-AAD0-4FBB-AD02-F854BEABF993}.Debug|Mixed Platforms.ActiveCfg = Debug|Any CPU
		{67F961E9-AAD0-4FBB-AD02-F854BEABF993}.Debug|Mixed Platforms.Build.0 = Debug|Any CPU
		{67F961E9-AAD0-4FBB-AD02-F854BEABF993}.Debug|x86.ActiveCfg = Debug|Any CPU
		{67F961E9-AAD0-4FBB-AD02-F854BEABF993}.Release|Any CPU.ActiveCfg = Release|Any CPU
		{67F961E9-AAD0-4FBB-AD02-F854BEABF993}.Release|Any CPU.Build.0 = Release|Any CPU
		{67F961E9-AAD0-4FBB-AD02-F854BEABF993}.Release|Mixed Platforms.ActiveCfg = Release|Any CPU
		{67F961E9-AAD0-4FBB-AD02-F854BEABF993}.Release|Mixed Platforms.Build.0 = Release|Any CPU
		{67F961E9-AAD0-4FBB-AD02-F854BEABF993}.Release|x86.ActiveCfg = Release|Any CPU
	EndGlobalSection
	GlobalSection(SolutionProperties) = preSolution
		HideSolutionNode = FALSE
	EndGlobalSection
EndGlobal
