
Microsoft Visual Studio Solution File, Format Version 12.00
# Visual Studio Express 2012 for Windows Desktop
Project("{F184B08F-C81C-45F6-A57F-5ABD9991F28F}") = "Bwl.Hardware.Serial.Common", "bwl.Hardware.Serial.Common\Bwl.Hardware.Serial.Common.vbproj", "{67F961E9-AAD0-4FBB-AD02-F854BEABF993}"
EndProject
Global
	GlobalSection(SolutionConfigurationPlatforms) = preSolution
		Debug|Any CPU = Debug|Any CPU
		Debug|Mixed Platforms = Debug|Mixed Platforms
		Debug|x86 = Debug|x86
		Release|Any CPU = Release|Any CPU
		Release|Mixed Platforms = Release|Mixed Platforms
		Release|x86 = Release|x86
	EndGlobalSection
	GlobalSection(ProjectConfigurationPlatforms) = postSolution
		{67F961E9-AAD0-4FBB-AD02-F854BEABF993}.Debug|Any CPU.ActiveCfg = Debug|Any CPU
		{67F961E9-AAD0-4FBB-AD02-F854BEABF993}.Debug|Any CPU.Build.0 = Debug|Any CPU
		{67F961E9-AAD0-4FBB-AD02-F854BEABF993}.Debug|Mixed Platforms.ActiveCfg = Debug|Any CPU
		{67F961E9-AAD0-4FBB-AD02-F854BEABF993}.Debug|Mixed Platforms.Build.0 = Debug|Any CPU
		{67F961E9-AAD0-4FBB-AD02-F854BEABF993}.Debug|x86.ActiveCfg = Debug|Any CPU
		{67F961E9-AAD0-4FBB-AD02-F854BEABF993}.Release|Any CPU.ActiveCfg = Release|Any CPU
		{67F961E9-AAD0-4FBB-AD02-F854BEABF993}.Release|Any CPU.Build.0 = Release|Any CPU
		{67F961E9-AAD0-4FBB-AD02-F854BEABF993}.Release|Mixed Platforms.ActiveCfg = Release|Any CPU
		{67F961E9-AAD0-4FBB-AD02-F854BEABF993}.Release|Mixed Platforms.Build.0 = Release|Any CPU
		{67F961E9-AAD0-4FBB-AD02-F854BEABF993}.Release|x86.ActiveCfg = Release|Any CPU
	EndGlobalSection
	GlobalSection(SolutionProperties) = preSolution
		HideSolutionNode = FALSE
	EndGlobalSection
EndGlobal
